// !$*UTF8*$!
{
	archiveVersion = 1;
	classes = {
	};
	objectVersion = 46;
	objects = {

/* Begin PBXBuildFile section */
		8438E9F01F8633E400404CB1 /* main.m in Sources */ = {isa = PBXBuildFile; fileRef = 8438E9EF1F8633E400404CB1 /* main.m */; };
		8438E9F31F8633E400404CB1 /* AppDelegate.m in Sources */ = {isa = PBXBuildFile; fileRef = 8438E9F21F8633E400404CB1 /* AppDelegate.m */; };
		8438E9F91F8633E400404CB1 /* Main.storyboard in Resources */ = {isa = PBXBuildFile; fileRef = 8438E9F71F8633E400404CB1 /* Main.storyboard */; };
		8438E9FB1F8633E400404CB1 /* Assets.xcassets in Resources */ = {isa = PBXBuildFile; fileRef = 8438E9FA1F8633E400404CB1 /* Assets.xcassets */; };
		8438E9FE1F8633E400404CB1 /* LaunchScreen.storyboard in Resources */ = {isa = PBXBuildFile; fileRef = 8438E9FC1F8633E400404CB1 /* LaunchScreen.storyboard */; };
		8438EA161F86590000404CB1 /* TestViewController.m in Sources */ = {isa = PBXBuildFile; fileRef = 8438EA151F86590000404CB1 /* TestViewController.m */; };
		8452964F1F948499006B6347 /* EmployeeTableViewController.m in Sources */ = {isa = PBXBuildFile; fileRef = 8452964E1F948499006B6347 /* EmployeeTableViewController.m */; };
		84CFF1E01F95BB6A00856964 /* LoginTableViewController.m in Sources */ = {isa = PBXBuildFile; fileRef = 84CFF1DF1F95BB6A00856964 /* LoginTableViewController.m */; };
		84CFF1E41F95C05C00856964 /* Login.storyboard in Resources */ = {isa = PBXBuildFile; fileRef = 84CFF1E31F95C05C00856964 /* Login.storyboard */; };
		84CFF1E71F95CA2700856964 /* DataManager.m in Sources */ = {isa = PBXBuildFile; fileRef = 84CFF1E61F95CA2700856964 /* DataManager.m */; };
		84DF67041F9F1490005EF760 /* MainNavigationController.m in Sources */ = {isa = PBXBuildFile; fileRef = 84DF67021F9F1490005EF760 /* MainNavigationController.m */; };
		84DF67081F9F26A2005EF760 /* LoginTableCell.m in Sources */ = {isa = PBXBuildFile; fileRef = 84DF67071F9F26A2005EF760 /* LoginTableCell.m */; };
		84DF670B1F9F2779005EF760 /* RememberTableCell.m in Sources */ = {isa = PBXBuildFile; fileRef = 84DF670A1F9F2779005EF760 /* RememberTableCell.m */; };
		84DF670E1F9F27D8005EF760 /* PassTableCell.m in Sources */ = {isa = PBXBuildFile; fileRef = 84DF670D1F9F27D8005EF760 /* PassTableCell.m */; };
		84DF67111F9F281D005EF760 /* EntryTableCell.m in Sources */ = {isa = PBXBuildFile; fileRef = 84DF67101F9F281D005EF760 /* EntryTableCell.m */; };
		84DF671C1F9F5A16005EF760 /* InfoEmployeeTableCell.m in Sources */ = {isa = PBXBuildFile; fileRef = 84DF671B1F9F5A16005EF760 /* InfoEmployeeTableCell.m */; };
		84DF671F1F9F6AFF005EF760 /* ImageEmployeeTableCell.m in Sources */ = {isa = PBXBuildFile; fileRef = 84DF671E1F9F6AFB005EF760 /* ImageEmployeeTableCell.m */; };
		84F17F2F1F8B5FC900A87C57 /* Employee.m in Sources */ = {isa = PBXBuildFile; fileRef = 84F17F2E1F8B5FC900A87C57 /* Employee.m */; };
		84F17F321F8B5FD300A87C57 /* Department.m in Sources */ = {isa = PBXBuildFile; fileRef = 84F17F311F8B5FD300A87C57 /* Department.m */; };
		8898D3B6CE4A7D0B5335AB28 /* libPods-ViewsTest.a in Frameworks */ = {isa = PBXBuildFile; fileRef = 25B4936665FE0775DB09C06B /* libPods-ViewsTest.a */; };
/* End PBXBuildFile section */

/* Begin PBXFileReference section */
		25B4936665FE0775DB09C06B /* libPods-ViewsTest.a */ = {isa = PBXFileReference; explicitFileType = archive.ar; includeInIndex = 0; path = "libPods-ViewsTest.a"; sourceTree = BUILT_PRODUCTS_DIR; };
		6DEE5FD4C611499F91D382C6 /* Pods-ViewsTest.release.xcconfig */ = {isa = PBXFileReference; includeInIndex = 1; lastKnownFileType = text.xcconfig; name = "Pods-ViewsTest.release.xcconfig"; path = "Pods/Target Support Files/Pods-ViewsTest/Pods-ViewsTest.release.xcconfig"; sourceTree = "<group>"; };
		8438E9EB1F8633E400404CB1 /* ViewsTest.app */ = {isa = PBXFileReference; explicitFileType = wrapper.application; includeInIndex = 0; path = ViewsTest.app; sourceTree = BUILT_PRODUCTS_DIR; };
		8438E9EF1F8633E400404CB1 /* main.m */ = {isa = PBXFileReference; lastKnownFileType = sourcecode.c.objc; path = main.m; sourceTree = "<group>"; };
		8438E9F11F8633E400404CB1 /* AppDelegate.h */ = {isa = PBXFileReference; lastKnownFileType = sourcecode.c.h; path = AppDelegate.h; sourceTree = "<group>"; };
		8438E9F21F8633E400404CB1 /* AppDelegate.m */ = {isa = PBXFileReference; lastKnownFileType = sourcecode.c.objc; path = AppDelegate.m; sourceTree = "<group>"; };
		8438E9F81F8633E400404CB1 /* Base */ = {isa = PBXFileReference; lastKnownFileType = file.storyboard; name = Base; path = Base.lproj/Main.storyboard; sourceTree = "<group>"; };
		8438E9FA1F8633E400404CB1 /* Assets.xcassets */ = {isa = PBXFileReference; lastKnownFileType = folder.assetcatalog; path = Assets.xcassets; sourceTree = "<group>"; };
		8438E9FD1F8633E400404CB1 /* Base */ = {isa = PBXFileReference; lastKnownFileType = file.storyboard; name = Base; path = Base.lproj/LaunchScreen.storyboard; sourceTree = "<group>"; };
		8438E9FF1F8633E400404CB1 /* Info.plist */ = {isa = PBXFileReference; lastKnownFileType = text.plist.xml; path = Info.plist; sourceTree = "<group>"; };
		8438EA141F86590000404CB1 /* TestViewController.h */ = {isa = PBXFileReference; fileEncoding = 4; lastKnownFileType = sourcecode.c.h; path = TestViewController.h; sourceTree = "<group>"; };
		8438EA151F86590000404CB1 /* TestViewController.m */ = {isa = PBXFileReference; fileEncoding = 4; lastKnownFileType = sourcecode.c.objc; path = TestViewController.m; sourceTree = "<group>"; wrapsLines = 1; };
		8452964D1F948499006B6347 /* EmployeeTableViewController.h */ = {isa = PBXFileReference; lastKnownFileType = sourcecode.c.h; path = EmployeeTableViewController.h; sourceTree = "<group>"; };
		8452964E1F948499006B6347 /* EmployeeTableViewController.m */ = {isa = PBXFileReference; lastKnownFileType = sourcecode.c.objc; path = EmployeeTableViewController.m; sourceTree = "<group>"; };
		84829A0B1F99E0300011436E /* Masonry.h */ = {isa = PBXFileReference; lastKnownFileType = sourcecode.c.h; path = Masonry.h; sourceTree = "<group>"; };
		84C7004A1FA052EF00EB4C44 /* RowHeight.h */ = {isa = PBXFileReference; lastKnownFileType = sourcecode.c.h; path = RowHeight.h; sourceTree = "<group>"; };
		84CFF1DE1F95BB6A00856964 /* LoginTableViewController.h */ = {isa = PBXFileReference; lastKnownFileType = sourcecode.c.h; path = LoginTableViewController.h; sourceTree = "<group>"; };
		84CFF1DF1F95BB6A00856964 /* LoginTableViewController.m */ = {isa = PBXFileReference; lastKnownFileType = sourcecode.c.objc; path = LoginTableViewController.m; sourceTree = "<group>"; };
		84CFF1E31F95C05C00856964 /* Login.storyboard */ = {isa = PBXFileReference; lastKnownFileType = file.storyboard; path = Login.storyboard; sourceTree = "<group>"; };
		84CFF1E51F95CA2700856964 /* DataManager.h */ = {isa = PBXFileReference; lastKnownFileType = sourcecode.c.h; path = DataManager.h; sourceTree = "<group>"; };
		84CFF1E61F95CA2700856964 /* DataManager.m */ = {isa = PBXFileReference; lastKnownFileType = sourcecode.c.objc; path = DataManager.m; sourceTree = "<group>"; };
		84D995C5CEF800F4CB424120 /* Pods-ViewsTest.debug.xcconfig */ = {isa = PBXFileReference; includeInIndex = 1; lastKnownFileType = text.xcconfig; name = "Pods-ViewsTest.debug.xcconfig"; path = "Pods/Target Support Files/Pods-ViewsTest/Pods-ViewsTest.debug.xcconfig"; sourceTree = "<group>"; };
		84DF67011F9F1490005EF760 /* MainNavigationController.h */ = {isa = PBXFileReference; lastKnownFileType = sourcecode.c.h; path = MainNavigationController.h; sourceTree = "<group>"; };
		84DF67021F9F1490005EF760 /* MainNavigationController.m */ = {isa = PBXFileReference; lastKnownFileType = sourcecode.c.objc; path = MainNavigationController.m; sourceTree = "<group>"; };
		84DF67061F9F26A2005EF760 /* LoginTableCell.h */ = {isa = PBXFileReference; lastKnownFileType = sourcecode.c.h; path = LoginTableCell.h; sourceTree = "<group>"; };
		84DF67071F9F26A2005EF760 /* LoginTableCell.m */ = {isa = PBXFileReference; lastKnownFileType = sourcecode.c.objc; path = LoginTableCell.m; sourceTree = "<group>"; };
		84DF67091F9F2779005EF760 /* RememberTableCell.h */ = {isa = PBXFileReference; lastKnownFileType = sourcecode.c.h; path = RememberTableCell.h; sourceTree = "<group>"; };
		84DF670A1F9F2779005EF760 /* RememberTableCell.m */ = {isa = PBXFileReference; lastKnownFileType = sourcecode.c.objc; path = RememberTableCell.m; sourceTree = "<group>"; };
		84DF670C1F9F27D8005EF760 /* PassTableCell.h */ = {isa = PBXFileReference; lastKnownFileType = sourcecode.c.h; path = PassTableCell.h; sourceTree = "<group>"; };
		84DF670D1F9F27D8005EF760 /* PassTableCell.m */ = {isa = PBXFileReference; lastKnownFileType = sourcecode.c.objc; path = PassTableCell.m; sourceTree = "<group>"; };
		84DF670F1F9F281D005EF760 /* EntryTableCell.h */ = {isa = PBXFileReference; lastKnownFileType = sourcecode.c.h; path = EntryTableCell.h; sourceTree = "<group>"; };
		84DF67101F9F281D005EF760 /* EntryTableCell.m */ = {isa = PBXFileReference; lastKnownFileType = sourcecode.c.objc; path = EntryTableCell.m; sourceTree = "<group>"; };
		84DF671A1F9F5A16005EF760 /* InfoEmployeeTableCell.h */ = {isa = PBXFileReference; lastKnownFileType = sourcecode.c.h; path = InfoEmployeeTableCell.h; sourceTree = "<group>"; };
		84DF671B1F9F5A16005EF760 /* InfoEmployeeTableCell.m */ = {isa = PBXFileReference; lastKnownFileType = sourcecode.c.objc; path = InfoEmployeeTableCell.m; sourceTree = "<group>"; };
		84DF671D1F9F6AFB005EF760 /* ImageEmployeeTableCell.h */ = {isa = PBXFileReference; lastKnownFileType = sourcecode.c.h; path = ImageEmployeeTableCell.h; sourceTree = "<group>"; };
		84DF671E1F9F6AFB005EF760 /* ImageEmployeeTableCell.m */ = {isa = PBXFileReference; lastKnownFileType = sourcecode.c.objc; path = ImageEmployeeTableCell.m; sourceTree = "<group>"; };
		84F17F2D1F8B5FC900A87C57 /* Employee.h */ = {isa = PBXFileReference; fileEncoding = 4; lastKnownFileType = sourcecode.c.h; path = Employee.h; sourceTree = "<group>"; };
		84F17F2E1F8B5FC900A87C57 /* Employee.m */ = {isa = PBXFileReference; fileEncoding = 4; lastKnownFileType = sourcecode.c.objc; path = Employee.m; sourceTree = "<group>"; };
		84F17F301F8B5FD300A87C57 /* Department.h */ = {isa = PBXFileReference; fileEncoding = 4; lastKnownFileType = sourcecode.c.h; path = Department.h; sourceTree = "<group>"; };
		84F17F311F8B5FD300A87C57 /* Department.m */ = {isa = PBXFileReference; fileEncoding = 4; lastKnownFileType = sourcecode.c.objc; path = Department.m; sourceTree = "<group>"; };
/* End PBXFileReference section */

/* Begin PBXFrameworksBuildPhase section */
		8438E9E81F8633E400404CB1 /* Frameworks */ = {
			isa = PBXFrameworksBuildPhase;
			buildActionMask = 2147483647;
			files = (
				8898D3B6CE4A7D0B5335AB28 /* libPods-ViewsTest.a in Frameworks */,
			);
			runOnlyForDeploymentPostprocessing = 0;
		};
/* End PBXFrameworksBuildPhase section */

/* Begin PBXGroup section */
		6979AE16E4877A19286AF2FD /* Frameworks */ = {
			isa = PBXGroup;
			children = (
				25B4936665FE0775DB09C06B /* libPods-ViewsTest.a */,
			);
			name = Frameworks;
			sourceTree = "<group>";
		};
		83BE9FE12210EB80C7B34452 /* Pods */ = {
			isa = PBXGroup;
			children = (
				84D995C5CEF800F4CB424120 /* Pods-ViewsTest.debug.xcconfig */,
				6DEE5FD4C611499F91D382C6 /* Pods-ViewsTest.release.xcconfig */,
			);
			name = Pods;
			sourceTree = "<group>";
		};
		8438E9E21F8633E400404CB1 = {
			isa = PBXGroup;
			children = (
				8438E9ED1F8633E400404CB1 /* ViewsTest */,
				8438E9EC1F8633E400404CB1 /* Products */,
				83BE9FE12210EB80C7B34452 /* Pods */,
				6979AE16E4877A19286AF2FD /* Frameworks */,
			);
			sourceTree = "<group>";
		};
		8438E9EC1F8633E400404CB1 /* Products */ = {
			isa = PBXGroup;
			children = (
				8438E9EB1F8633E400404CB1 /* ViewsTest.app */,
			);
			name = Products;
			sourceTree = "<group>";
		};
		8438E9ED1F8633E400404CB1 /* ViewsTest */ = {
			isa = PBXGroup;
			children = (
				84DF67011F9F1490005EF760 /* MainNavigationController.h */,
				84DF67021F9F1490005EF760 /* MainNavigationController.m */,
				84CFF1DE1F95BB6A00856964 /* LoginTableViewController.h */,
				84CFF1DF1F95BB6A00856964 /* LoginTableViewController.m */,
				8452964D1F948499006B6347 /* EmployeeTableViewController.h */,
				8452964E1F948499006B6347 /* EmployeeTableViewController.m */,
				84DF67161F9F52B5005EF760 /* EmployeeTableCell */,
				84DF66F71F9F148F005EF760 /* LoginTableCells */,
				84CFF1E51F95CA2700856964 /* DataManager.h */,
				84CFF1E61F95CA2700856964 /* DataManager.m */,
				84F17F301F8B5FD300A87C57 /* Department.h */,
				84F17F311F8B5FD300A87C57 /* Department.m */,
				84F17F2D1F8B5FC900A87C57 /* Employee.h */,
				84F17F2E1F8B5FC900A87C57 /* Employee.m */,
				84829A0B1F99E0300011436E /* Masonry.h */,
				8438EA141F86590000404CB1 /* TestViewController.h */,
				8438EA151F86590000404CB1 /* TestViewController.m */,
				8438E9F11F8633E400404CB1 /* AppDelegate.h */,
				8438E9F21F8633E400404CB1 /* AppDelegate.m */,
				8438E9F71F8633E400404CB1 /* Main.storyboard */,
				84CFF1E31F95C05C00856964 /* Login.storyboard */,
				8438E9FA1F8633E400404CB1 /* Assets.xcassets */,
				8438E9FC1F8633E400404CB1 /* LaunchScreen.storyboard */,
				8438E9FF1F8633E400404CB1 /* Info.plist */,
				8438E9EE1F8633E400404CB1 /* Supporting Files */,
			);
			path = ViewsTest;
			sourceTree = "<group>";
		};
		8438E9EE1F8633E400404CB1 /* Supporting Files */ = {
			isa = PBXGroup;
			children = (
				8438E9EF1F8633E400404CB1 /* main.m */,
			);
			name = "Supporting Files";
			sourceTree = "<group>";
		};
		84DF66F71F9F148F005EF760 /* LoginTableCells */ = {
			isa = PBXGroup;
			children = (
				84DF67061F9F26A2005EF760 /* LoginTableCell.h */,
				84DF67071F9F26A2005EF760 /* LoginTableCell.m */,
				84DF67091F9F2779005EF760 /* RememberTableCell.h */,
				84DF670A1F9F2779005EF760 /* RememberTableCell.m */,
				84DF670C1F9F27D8005EF760 /* PassTableCell.h */,
				84DF670D1F9F27D8005EF760 /* PassTableCell.m */,
				84DF670F1F9F281D005EF760 /* EntryTableCell.h */,
				84DF67101F9F281D005EF760 /* EntryTableCell.m */,
				84C7004A1FA052EF00EB4C44 /* RowHeight.h */,
			);
			path = LoginTableCells;
			sourceTree = "<group>";
		};
		84DF67161F9F52B5005EF760 /* EmployeeTableCell */ = {
			isa = PBXGroup;
			children = (
				84DF671A1F9F5A16005EF760 /* InfoEmployeeTableCell.h */,
				84DF671B1F9F5A16005EF760 /* InfoEmployeeTableCell.m */,
				84DF671D1F9F6AFB005EF760 /* ImageEmployeeTableCell.h */,
				84DF671E1F9F6AFB005EF760 /* ImageEmployeeTableCell.m */,
			);
			path = EmployeeTableCell;
			sourceTree = "<group>";
		};
/* End PBXGroup section */

/* Begin PBXNativeTarget section */
		8438E9EA1F8633E400404CB1 /* ViewsTest */ = {
			isa = PBXNativeTarget;
			buildConfigurationList = 8438EA021F8633E400404CB1 /* Build configuration list for PBXNativeTarget "ViewsTest" */;
			buildPhases = (
				A0CC2D76EE77BAA529E5E655 /* [CP] Check Pods Manifest.lock */,
				8438E9E71F8633E400404CB1 /* Sources */,
				8438E9E81F8633E400404CB1 /* Frameworks */,
				8438E9E91F8633E400404CB1 /* Resources */,
				2627D5B41EEE21D75EC8F893 /* [CP] Embed Pods Frameworks */,
				D82E06BA41B1C205526ACEFB /* [CP] Copy Pods Resources */,
			);
			buildRules = (
			);
			dependencies = (
			);
			name = ViewsTest;
			productName = ViewsTest;
			productReference = 8438E9EB1F8633E400404CB1 /* ViewsTest.app */;
			productType = "com.apple.product-type.application";
		};
/* End PBXNativeTarget section */

/* Begin PBXProject section */
		8438E9E31F8633E400404CB1 /* Project object */ = {
			isa = PBXProject;
			attributes = {
				CLASSPREFIX = "";
				LastUpgradeCheck = 0900;
				ORGANIZATIONNAME = admin;
				TargetAttributes = {
					8438E9EA1F8633E400404CB1 = {
						CreatedOnToolsVersion = 8.3.3;
						DevelopmentTeam = 2QZF37Z36L;
						ProvisioningStyle = Automatic;
					};
				};
			};
			buildConfigurationList = 8438E9E61F8633E400404CB1 /* Build configuration list for PBXProject "ViewsTest" */;
			compatibilityVersion = "Xcode 3.2";
			developmentRegion = English;
			hasScannedForEncodings = 0;
			knownRegions = (
				en,
				Base,
			);
			mainGroup = 8438E9E21F8633E400404CB1;
			productRefGroup = 8438E9EC1F8633E400404CB1 /* Products */;
			projectDirPath = "";
			projectRoot = "";
			targets = (
				8438E9EA1F8633E400404CB1 /* ViewsTest */,
			);
		};
/* End PBXProject section */

/* Begin PBXResourcesBuildPhase section */
		8438E9E91F8633E400404CB1 /* Resources */ = {
			isa = PBXResourcesBuildPhase;
			buildActionMask = 2147483647;
			files = (
				84CFF1E41F95C05C00856964 /* Login.storyboard in Resources */,
				8438E9FE1F8633E400404CB1 /* LaunchScreen.storyboard in Resources */,
				8438E9FB1F8633E400404CB1 /* Assets.xcassets in Resources */,
				8438E9F91F8633E400404CB1 /* Main.storyboard in Resources */,
			);
			runOnlyForDeploymentPostprocessing = 0;
		};
/* End PBXResourcesBuildPhase section */

/* Begin PBXShellScriptBuildPhase section */
		2627D5B41EEE21D75EC8F893 /* [CP] Embed Pods Frameworks */ = {
			isa = PBXShellScriptBuildPhase;
			buildActionMask = 2147483647;
			files = (
			);
			inputPaths = (
			);
			name = "[CP] Embed Pods Frameworks";
			outputPaths = (
			);
			runOnlyForDeploymentPostprocessing = 0;
			shellPath = /bin/sh;
			shellScript = "\"${SRCROOT}/Pods/Target Support Files/Pods-ViewsTest/Pods-ViewsTest-frameworks.sh\"\n";
			showEnvVarsInLog = 0;
		};
		A0CC2D76EE77BAA529E5E655 /* [CP] Check Pods Manifest.lock */ = {
			isa = PBXShellScriptBuildPhase;
			buildActionMask = 2147483647;
			files = (
			);
			inputPaths = (
				"${PODS_PODFILE_DIR_PATH}/Podfile.lock",
				"${PODS_ROOT}/Manifest.lock",
			);
			name = "[CP] Check Pods Manifest.lock";
			outputPaths = (
				"$(DERIVED_FILE_DIR)/Pods-ViewsTest-checkManifestLockResult.txt",
			);
			runOnlyForDeploymentPostprocessing = 0;
			shellPath = /bin/sh;
			shellScript = "diff \"${PODS_PODFILE_DIR_PATH}/Podfile.lock\" \"${PODS_ROOT}/Manifest.lock\" > /dev/null\nif [ $? != 0 ] ; then\n    # print error to STDERR\n    echo \"error: The sandbox is not in sync with the Podfile.lock. Run 'pod install' or update your CocoaPods installation.\" >&2\n    exit 1\nfi\n# This output is used by Xcode 'outputs' to avoid re-running this script phase.\necho \"SUCCESS\" > \"${SCRIPT_OUTPUT_FILE_0}\"\n";
			showEnvVarsInLog = 0;
		};
		D82E06BA41B1C205526ACEFB /* [CP] Copy Pods Resources */ = {
			isa = PBXShellScriptBuildPhase;
			buildActionMask = 2147483647;
			files = (
			);
			inputPaths = (
			);
			name = "[CP] Copy Pods Resources";
			outputPaths = (
			);
			runOnlyForDeploymentPostprocessing = 0;
			shellPath = /bin/sh;
			shellScript = "\"${SRCROOT}/Pods/Target Support Files/Pods-ViewsTest/Pods-ViewsTest-resources.sh\"\n";
			showEnvVarsInLog = 0;
		};
/* End PBXShellScriptBuildPhase section */

/* Begin PBXSourcesBuildPhase section */
		8438E9E71F8633E400404CB1 /* Sources */ = {
			isa = PBXSourcesBuildPhase;
			buildActionMask = 2147483647;
			files = (
				84F17F2F1F8B5FC900A87C57 /* Employee.m in Sources */,
				8438E9F31F8633E400404CB1 /* AppDelegate.m in Sources */,
				84CFF1E71F95CA2700856964 /* DataManager.m in Sources */,
				8438E9F01F8633E400404CB1 /* main.m in Sources */,
				84CFF1E01F95BB6A00856964 /* LoginTableViewController.m in Sources */,
				84DF671F1F9F6AFF005EF760 /* ImageEmployeeTableCell.m in Sources */,
				84DF67041F9F1490005EF760 /* MainNavigationController.m in Sources */,
				8452964F1F948499006B6347 /* EmployeeTableViewController.m in Sources */,
				8438EA161F86590000404CB1 /* TestViewController.m in Sources */,
				84DF671C1F9F5A16005EF760 /* InfoEmployeeTableCell.m in Sources */,
				84DF67081F9F26A2005EF760 /* LoginTableCell.m in Sources */,
				84DF67111F9F281D005EF760 /* EntryTableCell.m in Sources */,
				84DF670E1F9F27D8005EF760 /* PassTableCell.m in Sources */,
				84DF670B1F9F2779005EF760 /* RememberTableCell.m in Sources */,
				84F17F321F8B5FD300A87C57 /* Department.m in Sources */,
			);
			runOnlyForDeploymentPostprocessing = 0;
		};
/* End PBXSourcesBuildPhase section */

/* Begin PBXVariantGroup section */
		8438E9F71F8633E400404CB1 /* Main.storyboard */ = {
			isa = PBXVariantGroup;
			children = (
				8438E9F81F8633E400404CB1 /* Base */,
			);
			name = Main.storyboard;
			sourceTree = "<group>";
		};
		8438E9FC1F8633E400404CB1 /* LaunchScreen.storyboard */ = {
			isa = PBXVariantGroup;
			children = (
				8438E9FD1F8633E400404CB1 /* Base */,
			);
			name = LaunchScreen.storyboard;
			sourceTree = "<group>";
		};
/* End PBXVariantGroup section */

/* Begin XCBuildConfiguration section */
		8438EA001F8633E400404CB1 /* Debug */ = {
			isa = XCBuildConfiguration;
			buildSettings = {
				ALWAYS_SEARCH_USER_PATHS = NO;
				CLANG_ANALYZER_NONNULL = YES;
				CLANG_ANALYZER_NUMBER_OBJECT_CONVERSION = YES_AGGRESSIVE;
				CLANG_CXX_LANGUAGE_STANDARD = "gnu++0x";
				CLANG_CXX_LIBRARY = "libc++";
				CLANG_ENABLE_MODULES = YES;
				CLANG_ENABLE_OBJC_ARC = YES;
				CLANG_WARN_BLOCK_CAPTURE_AUTORELEASING = YES;
				CLANG_WARN_BOOL_CONVERSION = YES;
				CLANG_WARN_COMMA = YES;
				CLANG_WARN_CONSTANT_CONVERSION = YES;
				CLANG_WARN_DIRECT_OBJC_ISA_USAGE = YES_ERROR;
				CLANG_WARN_DOCUMENTATION_COMMENTS = YES;
				CLANG_WARN_EMPTY_BODY = YES;
				CLANG_WARN_ENUM_CONVERSION = YES;
				CLANG_WARN_INFINITE_RECURSION = YES;
				CLANG_WARN_INT_CONVERSION = YES;
				CLANG_WARN_NON_LITERAL_NULL_CONVERSION = YES;
				CLANG_WARN_OBJC_LITERAL_CONVERSION = YES;
				CLANG_WARN_OBJC_ROOT_CLASS = YES_ERROR;
				CLANG_WARN_RANGE_LOOP_ANALYSIS = YES;
				CLANG_WARN_STRICT_PROTOTYPES = YES;
				CLANG_WARN_SUSPICIOUS_MOVE = YES;
				CLANG_WARN_UNREACHABLE_CODE = YES;
				CLANG_WARN__DUPLICATE_METHOD_MATCH = YES;
				"CODE_SIGN_IDENTITY[sdk=iphoneos*]" = "iPhone Developer";
				COPY_PHASE_STRIP = NO;
				DEBUG_INFORMATION_FORMAT = dwarf;
				ENABLE_STRICT_OBJC_MSGSEND = YES;
				ENABLE_TESTABILITY = YES;
				GCC_C_LANGUAGE_STANDARD = gnu99;
				GCC_DYNAMIC_NO_PIC = NO;
				GCC_NO_COMMON_BLOCKS = YES;
				GCC_OPTIMIZATION_LEVEL = 0;
				GCC_PREPROCESSOR_DEFINITIONS = (
					"DEBUG=1",
					"$(inherited)",
				);
				GCC_WARN_64_TO_32_BIT_CONVERSION = YES;
				GCC_WARN_ABOUT_RETURN_TYPE = YES_ERROR;
				GCC_WARN_UNDECLARED_SELECTOR = YES;
				GCC_WARN_UNINITIALIZED_AUTOS = YES_AGGRESSIVE;
				GCC_WARN_UNUSED_FUNCTION = YES;
				GCC_WARN_UNUSED_VARIABLE = YES;
				IPHONEOS_DEPLOYMENT_TARGET = 10.3;
				MTL_ENABLE_DEBUG_INFO = YES;
				ONLY_ACTIVE_ARCH = YES;
				SDKROOT = iphoneos;
				TARGETED_DEVICE_FAMILY = "1,2";
			};
			name = Debug;
		};
		8438EA011F8633E400404CB1 /* Release */ = {
			isa = XCBuildConfiguration;
			buildSettings = {
				ALWAYS_SEARCH_USER_PATHS = NO;
				CLANG_ANALYZER_NONNULL = YES;
				CLANG_ANALYZER_NUMBER_OBJECT_CONVERSION = YES_AGGRESSIVE;
				CLANG_CXX_LANGUAGE_STANDARD = "gnu++0x";
				CLANG_CXX_LIBRARY = "libc++";
				CLANG_ENABLE_MODULES = YES;
				CLANG_ENABLE_OBJC_ARC = YES;
				CLANG_WARN_BLOCK_CAPTURE_AUTORELEASING = YES;
				CLANG_WARN_BOOL_CONVERSION = YES;
				CLANG_WARN_COMMA = YES;
				CLANG_WARN_CONSTANT_CONVERSION = YES;
				CLANG_WARN_DIRECT_OBJC_ISA_USAGE = YES_ERROR;
				CLANG_WARN_DOCUMENTATION_COMMENTS = YES;
				CLANG_WARN_EMPTY_BODY = YES;
				CLANG_WARN_ENUM_CONVERSION = YES;
				CLANG_WARN_INFINITE_RECURSION = YES;
				CLANG_WARN_INT_CONVERSION = YES;
				CLANG_WARN_NON_LITERAL_NULL_CONVERSION = YES;
				CLANG_WARN_OBJC_LITERAL_CONVERSION = YES;
				CLANG_WARN_OBJC_ROOT_CLASS = YES_ERROR;
				CLANG_WARN_RANGE_LOOP_ANALYSIS = YES;
				CLANG_WARN_STRICT_PROTOTYPES = YES;
				CLANG_WARN_SUSPICIOUS_MOVE = YES;
				CLANG_WARN_UNREACHABLE_CODE = YES;
				CLANG_WARN__DUPLICATE_METHOD_MATCH = YES;
				"CODE_SIGN_IDENTITY[sdk=iphoneos*]" = "iPhone Developer";
				COPY_PHASE_STRIP = NO;
				DEBUG_INFORMATION_FORMAT = "dwarf-with-dsym";
				ENABLE_NS_ASSERTIONS = NO;
				ENABLE_STRICT_OBJC_MSGSEND = YES;
				GCC_C_LANGUAGE_STANDARD = gnu99;
				GCC_NO_COMMON_BLOCKS = YES;
				GCC_WARN_64_TO_32_BIT_CONVERSION = YES;
				GCC_WARN_ABOUT_RETURN_TYPE = YES_ERROR;
				GCC_WARN_UNDECLARED_SELECTOR = YES;
				GCC_WARN_UNINITIALIZED_AUTOS = YES_AGGRESSIVE;
				GCC_WARN_UNUSED_FUNCTION = YES;
				GCC_WARN_UNUSED_VARIABLE = YES;
				IPHONEOS_DEPLOYMENT_TARGET = 10.3;
				MTL_ENABLE_DEBUG_INFO = NO;
				SDKROOT = iphoneos;
				TARGETED_DEVICE_FAMILY = "1,2";
				VALIDATE_PRODUCT = YES;
			};
			name = Release;
		};
		8438EA031F8633E400404CB1 /* Debug */ = {
			isa = XCBuildConfiguration;
			baseConfigurationReference = 84D995C5CEF800F4CB424120 /* Pods-ViewsTest.debug.xcconfig */;
			buildSettings = {
				ASSETCATALOG_COMPILER_APPICON_NAME = AppIcon;
				ASSETCATALOG_COMPILER_LAUNCHIMAGE_NAME = LaunchImage;
				DEVELOPMENT_TEAM = 2QZF37Z36L;
				INFOPLIST_FILE = ViewsTest/Info.plist;
				IPHONEOS_DEPLOYMENT_TARGET = 11.0;
				LD_RUNPATH_SEARCH_PATHS = "$(inherited) @executable_path/Frameworks";
				PRODUCT_BUNDLE_IDENTIFIER = com.taxsee.ViewsTest;
				PRODUCT_NAME = "$(TARGET_NAME)";
			};
			name = Debug;
		};
		8438EA041F8633E400404CB1 /* Release */ = {
			isa = XCBuildConfiguration;
			baseConfigurationReference = 6DEE5FD4C611499F91D382C6 /* Pods-ViewsTest.release.xcconfig */;
			buildSettings = {
				ASSETCATALOG_COMPILER_APPICON_NAME = AppIcon;
				ASSETCATALOG_COMPILER_LAUNCHIMAGE_NAME = LaunchImage;
				DEVELOPMENT_TEAM = 2QZF37Z36L;
				INFOPLIST_FILE = ViewsTest/Info.plist;
				IPHONEOS_DEPLOYMENT_TARGET = 11.0;
				LD_RUNPATH_SEARCH_PATHS = "$(inherited) @executable_path/Frameworks";
				PRODUCT_BUNDLE_IDENTIFIER = com.taxsee.ViewsTest;
				PRODUCT_NAME = "$(TARGET_NAME)";
			};
			name = Release;
		};
/* End XCBuildConfiguration section */

/* Begin XCConfigurationList section */
		8438E9E61F8633E400404CB1 /* Build configuration list for PBXProject "ViewsTest" */ = {
			isa = XCConfigurationList;
			buildConfigurations = (
				8438EA001F8633E400404CB1 /* Debug */,
				8438EA011F8633E400404CB1 /* Release */,
			);
			defaultConfigurationIsVisible = 0;
			defaultConfigurationName = Release;
		};
		8438EA021F8633E400404CB1 /* Build configuration list for PBXNativeTarget "ViewsTest" */ = {
			isa = XCConfigurationList;
			buildConfigurations = (
				8438EA031F8633E400404CB1 /* Debug */,
				8438EA041F8633E400404CB1 /* Release */,
			);
			defaultConfigurationIsVisible = 0;
			defaultConfigurationName = Release;
		};
/* End XCConfigurationList section */
	};
	rootObject = 8438E9E31F8633E400404CB1 /* Project object */;
}
